
Microsoft Visual Studio Solution File, Format Version 12.00
Project("{FAE04EC0-301F-11D3-BF4B-00C04F79EFBC}") = "Hipodromo.Data", "Hipodromo.Data\Hipodromo.Data.csproj", "{3CF12780-6F30-46D2-9467-D085226D398E}"
EndProject
Project("{FAE04EC0-301F-11D3-BF4B-00C04F79EFBC}") = "Hipodromo.Domain", "Hipodromo.Domain\Hipodromo.Domain.csproj", "{7DAC4137-1553-4EFB-BAC8-680CF2BA3096}"
EndProject
Global
	GlobalSection(SolutionConfigurationPlatforms) = preSolution
		Debug|Any CPU = Debug|Any CPU
		Release|Any CPU = Release|Any CPU
	EndGlobalSection
	GlobalSection(ProjectConfigurationPlatforms) = postSolution
		{3CF12780-6F30-46D2-9467-D085226D398E}.Debug|Any CPU.ActiveCfg = Debug|Any CPU
		{3CF12780-6F30-46D2-9467-D085226D398E}.Debug|Any CPU.Build.0 = Debug|Any CPU
		{3CF12780-6F30-46D2-9467-D085226D398E}.Release|Any CPU.ActiveCfg = Release|Any CPU
		{3CF12780-6F30-46D2-9467-D085226D398E}.Release|Any CPU.Build.0 = Release|Any CPU
		{7DAC4137-1553-4EFB-BAC8-680CF2BA3096}.Debug|Any CPU.ActiveCfg = Debug|Any CPU
		{7DAC4137-1553-4EFB-BAC8-680CF2BA3096}.Debug|Any CPU.Build.0 = Debug|Any CPU
		{7DAC4137-1553-4EFB-BAC8-680CF2BA3096}.Release|Any CPU.ActiveCfg = Release|Any CPU
		{7DAC4137-1553-4EFB-BAC8-680CF2BA3096}.Release|Any CPU.Build.0 = Release|Any CPU
	EndGlobalSection
EndGlobal
